
Microsoft Visual Studio Solution File, Format Version 12.00
# Visual Studio Version 17
VisualStudioVersion = 17.3.32819.101
MinimumVisualStudioVersion = 10.0.40219.1
Project("{2150E333-8FDC-42A3-9474-1A3956D46DE8}") = "src", "src", "{E70E69C3-4EAA-4270-9A66-A1ADC3E57DD7}"
EndProject
Project("{2150E333-8FDC-42A3-9474-1A3956D46DE8}") = "Services", "Services", "{AAEE16F6-B0A4-43AF-B7B1-B2F26198C1D7}"
EndProject
Project("{9A19103F-16F7-4668-BE54-9A1E7A4F7556}") = "TimeIAGRO.API", "src\Services\TimeIAGRO.API\TimeIAGRO.API.csproj", "{06A21694-F889-43AD-9444-0D8FEEDED0A3}"
EndProject
Project("{2150E333-8FDC-42A3-9474-1A3956D46DE8}") = "Tests", "Tests", "{3494177A-E603-4308-89F4-CEC8B0288BB9}"
EndProject
Project("{9A19103F-16F7-4668-BE54-9A1E7A4F7556}") = "TimeIAGRO.TEST", "src\Tests\TimeIAGRO.TEST\TimeIAGRO.TEST.csproj", "{BB9E7EB7-A21F-4C32-9C8D-A86316DC7BC3}"
EndProject
Global
	GlobalSection(SolutionConfigurationPlatforms) = preSolution
		Debug|Any CPU = Debug|Any CPU
		Release|Any CPU = Release|Any CPU
	EndGlobalSection
	GlobalSection(ProjectConfigurationPlatforms) = postSolution
		{06A21694-F889-43AD-9444-0D8FEEDED0A3}.Debug|Any CPU.ActiveCfg = Debug|Any CPU
		{06A21694-F889-43AD-9444-0D8FEEDED0A3}.Debug|Any CPU.Build.0 = Debug|Any CPU
		{06A21694-F889-43AD-9444-0D8FEEDED0A3}.Release|Any CPU.ActiveCfg = Release|Any CPU
		{06A21694-F889-43AD-9444-0D8FEEDED0A3}.Release|Any CPU.Build.0 = Release|Any CPU
		{BB9E7EB7-A21F-4C32-9C8D-A86316DC7BC3}.Debug|Any CPU.ActiveCfg = Debug|Any CPU
		{BB9E7EB7-A21F-4C32-9C8D-A86316DC7BC3}.Debug|Any CPU.Build.0 = Debug|Any CPU
		{BB9E7EB7-A21F-4C32-9C8D-A86316DC7BC3}.Release|Any CPU.ActiveCfg = Release|Any CPU
		{BB9E7EB7-A21F-4C32-9C8D-A86316DC7BC3}.Release|Any CPU.Build.0 = Release|Any CPU
	EndGlobalSection
	GlobalSection(SolutionProperties) = preSolution
		HideSolutionNode = FALSE
	EndGlobalSection
	GlobalSection(NestedProjects) = preSolution
		{AAEE16F6-B0A4-43AF-B7B1-B2F26198C1D7} = {E70E69C3-4EAA-4270-9A66-A1ADC3E57DD7}
		{06A21694-F889-43AD-9444-0D8FEEDED0A3} = {AAEE16F6-B0A4-43AF-B7B1-B2F26198C1D7}
		{3494177A-E603-4308-89F4-CEC8B0288BB9} = {E70E69C3-4EAA-4270-9A66-A1ADC3E57DD7}
		{BB9E7EB7-A21F-4C32-9C8D-A86316DC7BC3} = {3494177A-E603-4308-89F4-CEC8B0288BB9}
	EndGlobalSection
	GlobalSection(ExtensibilityGlobals) = postSolution
		SolutionGuid = {36FEED6F-162D-4CDB-9271-0FD418520E41}
	EndGlobalSection
EndGlobal
